
Microsoft Visual Studio Solution File, Format Version 12.00
# Visual Studio Version 17
VisualStudioVersion = 17.5.002.0
MinimumVisualStudioVersion = 10.0.40219.1
Project("{9A19103F-16F7-4668-BE54-9A1E7A4F7556}") = "FishGunsCN", "FishGunsCN.csproj", "{4C3836F4-16D2-40F2-AB92-0F7FA2A8AE3D}"
EndProject
Global
	GlobalSection(SolutionConfigurationPlatforms) = preSolution
		Debug|Any CPU = Debug|Any CPU
		Release|Any CPU = Release|Any CPU
	EndGlobalSection
	GlobalSection(ProjectConfigurationPlatforms) = postSolution
		{4C3836F4-16D2-40F2-AB92-0F7FA2A8AE3D}.Debug|Any CPU.ActiveCfg = Debug|Any CPU
		{4C3836F4-16D2-40F2-AB92-0F7FA2A8AE3D}.Debug|Any CPU.Build.0 = Debug|Any CPU
		{4C3836F4-16D2-40F2-AB92-0F7FA2A8AE3D}.Release|Any CPU.ActiveCfg = Release|Any CPU
		{4C3836F4-16D2-40F2-AB92-0F7FA2A8AE3D}.Release|Any CPU.Build.0 = Release|Any CPU
	EndGlobalSection
	GlobalSection(SolutionProperties) = preSolution
		HideSolutionNode = FALSE
	EndGlobalSection
	GlobalSection(ExtensibilityGlobals) = postSolution
		SolutionGuid = {F8BC763A-2036-4CF1-9088-BD87960CC782}
	EndGlobalSection
EndGlobal
